
Microsoft Visual Studio Solution File, Format Version 12.00
# Visual Studio Version 17
VisualStudioVersion = 17.7.34031.279
MinimumVisualStudioVersion = 10.0.40219.1
Project("{FAE04EC0-301F-11D3-BF4B-00C04F79EFBC}") = "PMS", "PMS\PMS.csproj", "{2A8AAEDC-EB70-493F-B5AD-6DBF4D227A8F}"
EndProject
Global
	GlobalSection(SolutionConfigurationPlatforms) = preSolution
		Debug|Any CPU = Debug|Any CPU
		Release|Any CPU = Release|Any CPU
	EndGlobalSection
	GlobalSection(ProjectConfigurationPlatforms) = postSolution
		{2A8AAEDC-EB70-493F-B5AD-6DBF4D227A8F}.Debug|Any CPU.ActiveCfg = Debug|Any CPU
		{2A8AAEDC-EB70-493F-B5AD-6DBF4D227A8F}.Debug|Any CPU.Build.0 = Debug|Any CPU
		{2A8AAEDC-EB70-493F-B5AD-6DBF4D227A8F}.Release|Any CPU.ActiveCfg = Release|Any CPU
		{2A8AAEDC-EB70-493F-B5AD-6DBF4D227A8F}.Release|Any CPU.Build.0 = Release|Any CPU
	EndGlobalSection
	GlobalSection(SolutionProperties) = preSolution
		HideSolutionNode = FALSE
	EndGlobalSection
	GlobalSection(ExtensibilityGlobals) = postSolution
		SolutionGuid = {A2F73306-5B74-412A-9B3A-7A3ADF4412C3}
	EndGlobalSection
EndGlobal
